
Microsoft Visual Studio Solution File, Format Version 12.00
# Visual Studio 15
VisualStudioVersion = 15.0.28307.779
MinimumVisualStudioVersion = 10.0.40219.1
Project("{FAE04EC0-301F-11D3-BF4B-00C04F79EFBC}") = "WinBackgroundWorker", "WinBackgroundWorker\WinBackgroundWorker.csproj", "{68F8FA36-C511-4844-AFC6-2EF2ACFFA7F5}"
EndProject
Project("{FAE04EC0-301F-11D3-BF4B-00C04F79EFBC}") = "WinAsynchDelegate", "WinAsynchDelegate\WinAsynchDelegate.csproj", "{ED6C1254-D5BF-4150-A318-48445E1192F5}"
EndProject
Project("{FAE04EC0-301F-11D3-BF4B-00C04F79EFBC}") = "WinAsynchMethod", "WinAsynchMethod\WinAsynchMethod.csproj", "{192AA2AD-D2DF-4442-AC73-9FD04E22FC36}"
EndProject
Global
	GlobalSection(SolutionConfigurationPlatforms) = preSolution
		Debug|Any CPU = Debug|Any CPU
		Release|Any CPU = Release|Any CPU
	EndGlobalSection
	GlobalSection(ProjectConfigurationPlatforms) = postSolution
		{68F8FA36-C511-4844-AFC6-2EF2ACFFA7F5}.Debug|Any CPU.ActiveCfg = Debug|Any CPU
		{68F8FA36-C511-4844-AFC6-2EF2ACFFA7F5}.Debug|Any CPU.Build.0 = Debug|Any CPU
		{68F8FA36-C511-4844-AFC6-2EF2ACFFA7F5}.Release|Any CPU.ActiveCfg = Release|Any CPU
		{68F8FA36-C511-4844-AFC6-2EF2ACFFA7F5}.Release|Any CPU.Build.0 = Release|Any CPU
		{ED6C1254-D5BF-4150-A318-48445E1192F5}.Debug|Any CPU.ActiveCfg = Debug|Any CPU
		{ED6C1254-D5BF-4150-A318-48445E1192F5}.Debug|Any CPU.Build.0 = Debug|Any CPU
		{ED6C1254-D5BF-4150-A318-48445E1192F5}.Release|Any CPU.ActiveCfg = Release|Any CPU
		{ED6C1254-D5BF-4150-A318-48445E1192F5}.Release|Any CPU.Build.0 = Release|Any CPU
		{192AA2AD-D2DF-4442-AC73-9FD04E22FC36}.Debug|Any CPU.ActiveCfg = Debug|Any CPU
		{192AA2AD-D2DF-4442-AC73-9FD04E22FC36}.Debug|Any CPU.Build.0 = Debug|Any CPU
		{192AA2AD-D2DF-4442-AC73-9FD04E22FC36}.Release|Any CPU.ActiveCfg = Release|Any CPU
		{192AA2AD-D2DF-4442-AC73-9FD04E22FC36}.Release|Any CPU.Build.0 = Release|Any CPU
	EndGlobalSection
	GlobalSection(SolutionProperties) = preSolution
		HideSolutionNode = FALSE
	EndGlobalSection
	GlobalSection(ExtensibilityGlobals) = postSolution
		SolutionGuid = {4F593FD0-988E-4344-B636-E13A00DF659E}
	EndGlobalSection
EndGlobal
