
Microsoft Visual Studio Solution File, Format Version 12.00
# Visual Studio Version 17
VisualStudioVersion = 17.0.31919.166
MinimumVisualStudioVersion = 10.0.40219.1
Project("{FAE04EC0-301F-11D3-BF4B-00C04F79EFBC}") = "PDF Reader", "PDF Reader\PDF Reader.csproj", "{695B9AE2-1DE5-41D8-AD39-EF07B2BC14B9}"
EndProject
Project("{9A19103F-16F7-4668-BE54-9A1E7A4F7556}") = "WinAnim", "..\..\..\Desktop\labs-winforms-main\Lab5\WinAnim\WinAnim.csproj", "{78A12EF1-B8F4-4C27-A878-047B56FBC471}"
EndProject
Global
	GlobalSection(SolutionConfigurationPlatforms) = preSolution
		Debug|Any CPU = Debug|Any CPU
		Release|Any CPU = Release|Any CPU
	EndGlobalSection
	GlobalSection(ProjectConfigurationPlatforms) = postSolution
		{695B9AE2-1DE5-41D8-AD39-EF07B2BC14B9}.Debug|Any CPU.ActiveCfg = Debug|Any CPU
		{695B9AE2-1DE5-41D8-AD39-EF07B2BC14B9}.Debug|Any CPU.Build.0 = Debug|Any CPU
		{695B9AE2-1DE5-41D8-AD39-EF07B2BC14B9}.Release|Any CPU.ActiveCfg = Release|Any CPU
		{695B9AE2-1DE5-41D8-AD39-EF07B2BC14B9}.Release|Any CPU.Build.0 = Release|Any CPU
		{78A12EF1-B8F4-4C27-A878-047B56FBC471}.Debug|Any CPU.ActiveCfg = Debug|Any CPU
		{78A12EF1-B8F4-4C27-A878-047B56FBC471}.Debug|Any CPU.Build.0 = Debug|Any CPU
		{78A12EF1-B8F4-4C27-A878-047B56FBC471}.Release|Any CPU.ActiveCfg = Release|Any CPU
		{78A12EF1-B8F4-4C27-A878-047B56FBC471}.Release|Any CPU.Build.0 = Release|Any CPU
	EndGlobalSection
	GlobalSection(SolutionProperties) = preSolution
		HideSolutionNode = FALSE
	EndGlobalSection
	GlobalSection(ExtensibilityGlobals) = postSolution
		SolutionGuid = {EBF21AC0-A0EB-4EE3-84DA-658D2D87ED2A}
	EndGlobalSection
EndGlobal
